
Microsoft Visual Studio Solution File, Format Version 12.00
# Visual Studio Version 16
VisualStudioVersion = 16.0.31911.196
MinimumVisualStudioVersion = 10.0.40219.1
Project("{9A19103F-16F7-4668-BE54-9A1E7A4F7556}") = "GeobaseParser.Domain", "src\GeobaseParser.Domain\GeobaseParser.Domain.csproj", "{D604A8A1-04CC-43D7-A1F7-A542AAA2122C}"
EndProject
Project("{2150E333-8FDC-42A3-9474-1A3956D46DE8}") = "src", "src", "{0344B57A-F279-4717-89F9-6159DC2B692C}"
EndProject
Project("{2150E333-8FDC-42A3-9474-1A3956D46DE8}") = "tests", "tests", "{D4185A70-18C5-4C7D-AE04-0C93B9A385BC}"
EndProject
Project("{9A19103F-16F7-4668-BE54-9A1E7A4F7556}") = "GeobaseParser.Data", "src\GeobaseParser.Data\GeobaseParser.Data.csproj", "{8C26261C-59B9-40D5-BF19-7A4348659227}"
EndProject
Project("{9A19103F-16F7-4668-BE54-9A1E7A4F7556}") = "GeobaseParser.IntegrationTest", "tests\GeobaseParser.IntegrationTest\GeobaseParser.IntegrationTest.csproj", "{5C6627DF-A013-4068-9F0E-7882DEE378B0}"
EndProject
Project("{9A19103F-16F7-4668-BE54-9A1E7A4F7556}") = "GeobaseParser.UnitTest", "tests\GeobaseParser.UnitTest\GeobaseParser.UnitTest.csproj", "{4B325EBA-4888-4B90-90B1-B5E0901545ED}"
EndProject
Project("{9A19103F-16F7-4668-BE54-9A1E7A4F7556}") = "GeobaseParser.Web", "src\GeobaseParser.Web\GeobaseParser.Web.csproj", "{C943A39D-555F-4731-86FD-814AECE5DB0F}"
EndProject
Global
	GlobalSection(SolutionConfigurationPlatforms) = preSolution
		Debug|Any CPU = Debug|Any CPU
		Release|Any CPU = Release|Any CPU
	EndGlobalSection
	GlobalSection(ProjectConfigurationPlatforms) = postSolution
		{D604A8A1-04CC-43D7-A1F7-A542AAA2122C}.Debug|Any CPU.ActiveCfg = Debug|Any CPU
		{D604A8A1-04CC-43D7-A1F7-A542AAA2122C}.Debug|Any CPU.Build.0 = Debug|Any CPU
		{D604A8A1-04CC-43D7-A1F7-A542AAA2122C}.Release|Any CPU.ActiveCfg = Release|Any CPU
		{D604A8A1-04CC-43D7-A1F7-A542AAA2122C}.Release|Any CPU.Build.0 = Release|Any CPU
		{8C26261C-59B9-40D5-BF19-7A4348659227}.Debug|Any CPU.ActiveCfg = Debug|Any CPU
		{8C26261C-59B9-40D5-BF19-7A4348659227}.Debug|Any CPU.Build.0 = Debug|Any CPU
		{8C26261C-59B9-40D5-BF19-7A4348659227}.Release|Any CPU.ActiveCfg = Release|Any CPU
		{8C26261C-59B9-40D5-BF19-7A4348659227}.Release|Any CPU.Build.0 = Release|Any CPU
		{5C6627DF-A013-4068-9F0E-7882DEE378B0}.Debug|Any CPU.ActiveCfg = Debug|Any CPU
		{5C6627DF-A013-4068-9F0E-7882DEE378B0}.Debug|Any CPU.Build.0 = Debug|Any CPU
		{5C6627DF-A013-4068-9F0E-7882DEE378B0}.Release|Any CPU.ActiveCfg = Release|Any CPU
		{5C6627DF-A013-4068-9F0E-7882DEE378B0}.Release|Any CPU.Build.0 = Release|Any CPU
		{4B325EBA-4888-4B90-90B1-B5E0901545ED}.Debug|Any CPU.ActiveCfg = Debug|Any CPU
		{4B325EBA-4888-4B90-90B1-B5E0901545ED}.Debug|Any CPU.Build.0 = Debug|Any CPU
		{4B325EBA-4888-4B90-90B1-B5E0901545ED}.Release|Any CPU.ActiveCfg = Release|Any CPU
		{4B325EBA-4888-4B90-90B1-B5E0901545ED}.Release|Any CPU.Build.0 = Release|Any CPU
		{C943A39D-555F-4731-86FD-814AECE5DB0F}.Debug|Any CPU.ActiveCfg = Debug|Any CPU
		{C943A39D-555F-4731-86FD-814AECE5DB0F}.Debug|Any CPU.Build.0 = Debug|Any CPU
		{C943A39D-555F-4731-86FD-814AECE5DB0F}.Release|Any CPU.ActiveCfg = Release|Any CPU
		{C943A39D-555F-4731-86FD-814AECE5DB0F}.Release|Any CPU.Build.0 = Release|Any CPU
	EndGlobalSection
	GlobalSection(SolutionProperties) = preSolution
		HideSolutionNode = FALSE
	EndGlobalSection
	GlobalSection(NestedProjects) = preSolution
		{D604A8A1-04CC-43D7-A1F7-A542AAA2122C} = {0344B57A-F279-4717-89F9-6159DC2B692C}
		{8C26261C-59B9-40D5-BF19-7A4348659227} = {0344B57A-F279-4717-89F9-6159DC2B692C}
		{5C6627DF-A013-4068-9F0E-7882DEE378B0} = {D4185A70-18C5-4C7D-AE04-0C93B9A385BC}
		{4B325EBA-4888-4B90-90B1-B5E0901545ED} = {D4185A70-18C5-4C7D-AE04-0C93B9A385BC}
		{C943A39D-555F-4731-86FD-814AECE5DB0F} = {0344B57A-F279-4717-89F9-6159DC2B692C}
	EndGlobalSection
	GlobalSection(ExtensibilityGlobals) = postSolution
		SolutionGuid = {B2594B36-B371-4B40-AA1A-DE08397F15E0}
	EndGlobalSection
EndGlobal
